
Microsoft Visual Studio Solution File, Format Version 12.00
# Visual Studio Version 17
VisualStudioVersion = 17.14.36212.18 d17.14
MinimumVisualStudioVersion = 10.0.40219.1
Project("{FAE04EC0-301F-11D3-BF4B-00C04F79EFBC}") = "application", "application.csproj", "{831EED1D-9541-4467-9C99-7C07F596B458}"
EndProject
Global
	GlobalSection(SolutionConfigurationPlatforms) = preSolution
		Debug|Any CPU = Debug|Any CPU
		Release|Any CPU = Release|Any CPU
	EndGlobalSection
	GlobalSection(ProjectConfigurationPlatforms) = postSolution
		{831EED1D-9541-4467-9C99-7C07F596B458}.Debug|Any CPU.ActiveCfg = Debug|Any CPU
		{831EED1D-9541-4467-9C99-7C07F596B458}.Debug|Any CPU.Build.0 = Debug|Any CPU
		{831EED1D-9541-4467-9C99-7C07F596B458}.Release|Any CPU.ActiveCfg = Release|Any CPU
		{831EED1D-9541-4467-9C99-7C07F596B458}.Release|Any CPU.Build.0 = Release|Any CPU
	EndGlobalSection
	GlobalSection(SolutionProperties) = preSolution
		HideSolutionNode = FALSE
	EndGlobalSection
	GlobalSection(ExtensibilityGlobals) = postSolution
		SolutionGuid = {96A31873-1B70-4F1E-AB50-3D1C2A66055D}
	EndGlobalSection
EndGlobal
