
Microsoft Visual Studio Solution File, Format Version 12.00
# Visual Studio Version 17
VisualStudioVersion = 17.14.36212.18
MinimumVisualStudioVersion = 10.0.40219.1
Project("{2150E333-8FDC-42A3-9474-1A3956D46DE8}") = "src", "src", "{02EA681E-C7D8-13C7-8484-4AC65E1B71E8}"
EndProject
Project("{2150E333-8FDC-42A3-9474-1A3956D46DE8}") = "tests", "tests", "{E03183E6-78E5-4034-AEA4-BF3C4BDBE278}"
EndProject
Project("{FAE04EC0-301F-11D3-BF4B-00C04F79EFBC}") = "CleanArchitecture.API", "src\CleanArchitecture.API\CleanArchitecture.API.csproj", "{5F0F9184-A8B4-985F-8741-8BE548E830C1}"
EndProject
Project("{FAE04EC0-301F-11D3-BF4B-00C04F79EFBC}") = "CleanArchitecture.Application", "src\Core\CleanArchitecture.Application\CleanArchitecture.Application.csproj", "{0A0EFC7D-723F-B93F-6549-7AC755F4F2D2}"
EndProject
Project("{FAE04EC0-301F-11D3-BF4B-00C04F79EFBC}") = "CleanArchitecture.Domain", "src\Core\CleanArchitecture.Domain\CleanArchitecture.Domain.csproj", "{D69769E7-26F4-A061-FBE5-36253D7168C3}"
EndProject
Project("{FAE04EC0-301F-11D3-BF4B-00C04F79EFBC}") = "CleanArchitecture.Infrastructure", "src\Infrastructure\CleanArchitecture.Infrastructure\CleanArchitecture.Infrastructure.csproj", "{446DB842-0CAC-C305-D800-EE08CD074847}"
EndProject
Project("{FAE04EC0-301F-11D3-BF4B-00C04F79EFBC}") = "CleanArchitecture.Persistence", "src\Infrastructure\CleanArchitecture.Persistence\CleanArchitecture.Persistence.csproj", "{34E5F645-703C-30C2-DD4E-455CAE111742}"
EndProject
Project("{FAE04EC0-301F-11D3-BF4B-00C04F79EFBC}") = "CleanArchitecture.Integration", "tests\CleanArchitecture.Integration\CleanArchitecture.Integration.csproj", "{49F93CC4-CF76-9B92-AC0B-9A553D144FA3}"
EndProject
Project("{FAE04EC0-301F-11D3-BF4B-00C04F79EFBC}") = "CleanArchitecture.Unit", "tests\CleanArchitecture.Unit\CleanArchitecture.Unit.csproj", "{D60E4063-FF03-665C-09BB-44DBB7F9F563}"
EndProject
Global
	GlobalSection(SolutionConfigurationPlatforms) = preSolution
		Debug|Any CPU = Debug|Any CPU
		Release|Any CPU = Release|Any CPU
	EndGlobalSection
	GlobalSection(ProjectConfigurationPlatforms) = postSolution
		{5F0F9184-A8B4-985F-8741-8BE548E830C1}.Debug|Any CPU.ActiveCfg = Debug|Any CPU
		{5F0F9184-A8B4-985F-8741-8BE548E830C1}.Debug|Any CPU.Build.0 = Debug|Any CPU
		{5F0F9184-A8B4-985F-8741-8BE548E830C1}.Release|Any CPU.ActiveCfg = Release|Any CPU
		{5F0F9184-A8B4-985F-8741-8BE548E830C1}.Release|Any CPU.Build.0 = Release|Any CPU
		{0A0EFC7D-723F-B93F-6549-7AC755F4F2D2}.Debug|Any CPU.ActiveCfg = Debug|Any CPU
		{0A0EFC7D-723F-B93F-6549-7AC755F4F2D2}.Debug|Any CPU.Build.0 = Debug|Any CPU
		{0A0EFC7D-723F-B93F-6549-7AC755F4F2D2}.Release|Any CPU.ActiveCfg = Release|Any CPU
		{0A0EFC7D-723F-B93F-6549-7AC755F4F2D2}.Release|Any CPU.Build.0 = Release|Any CPU
		{D69769E7-26F4-A061-FBE5-36253D7168C3}.Debug|Any CPU.ActiveCfg = Debug|Any CPU
		{D69769E7-26F4-A061-FBE5-36253D7168C3}.Debug|Any CPU.Build.0 = Debug|Any CPU
		{D69769E7-26F4-A061-FBE5-36253D7168C3}.Release|Any CPU.ActiveCfg = Release|Any CPU
		{D69769E7-26F4-A061-FBE5-36253D7168C3}.Release|Any CPU.Build.0 = Release|Any CPU
		{446DB842-0CAC-C305-D800-EE08CD074847}.Debug|Any CPU.ActiveCfg = Debug|Any CPU
		{446DB842-0CAC-C305-D800-EE08CD074847}.Debug|Any CPU.Build.0 = Debug|Any CPU
		{446DB842-0CAC-C305-D800-EE08CD074847}.Release|Any CPU.ActiveCfg = Release|Any CPU
		{446DB842-0CAC-C305-D800-EE08CD074847}.Release|Any CPU.Build.0 = Release|Any CPU
		{34E5F645-703C-30C2-DD4E-455CAE111742}.Debug|Any CPU.ActiveCfg = Debug|Any CPU
		{34E5F645-703C-30C2-DD4E-455CAE111742}.Debug|Any CPU.Build.0 = Debug|Any CPU
		{34E5F645-703C-30C2-DD4E-455CAE111742}.Release|Any CPU.ActiveCfg = Release|Any CPU
		{34E5F645-703C-30C2-DD4E-455CAE111742}.Release|Any CPU.Build.0 = Release|Any CPU
		{49F93CC4-CF76-9B92-AC0B-9A553D144FA3}.Debug|Any CPU.ActiveCfg = Debug|Any CPU
		{49F93CC4-CF76-9B92-AC0B-9A553D144FA3}.Debug|Any CPU.Build.0 = Debug|Any CPU
		{49F93CC4-CF76-9B92-AC0B-9A553D144FA3}.Release|Any CPU.ActiveCfg = Release|Any CPU
		{49F93CC4-CF76-9B92-AC0B-9A553D144FA3}.Release|Any CPU.Build.0 = Release|Any CPU
		{D60E4063-FF03-665C-09BB-44DBB7F9F563}.Debug|Any CPU.ActiveCfg = Debug|Any CPU
		{D60E4063-FF03-665C-09BB-44DBB7F9F563}.Debug|Any CPU.Build.0 = Debug|Any CPU
		{D60E4063-FF03-665C-09BB-44DBB7F9F563}.Release|Any CPU.ActiveCfg = Release|Any CPU
		{D60E4063-FF03-665C-09BB-44DBB7F9F563}.Release|Any CPU.Build.0 = Release|Any CPU
	EndGlobalSection
	GlobalSection(SolutionProperties) = preSolution
		HideSolutionNode = FALSE
	EndGlobalSection
	GlobalSection(NestedProjects) = preSolution
		{5F0F9184-A8B4-985F-8741-8BE548E830C1} = {02EA681E-C7D8-13C7-8484-4AC65E1B71E8}
		{0A0EFC7D-723F-B93F-6549-7AC755F4F2D2} = {02EA681E-C7D8-13C7-8484-4AC65E1B71E8}
		{D69769E7-26F4-A061-FBE5-36253D7168C3} = {02EA681E-C7D8-13C7-8484-4AC65E1B71E8}
		{446DB842-0CAC-C305-D800-EE08CD074847} = {02EA681E-C7D8-13C7-8484-4AC65E1B71E8}
		{34E5F645-703C-30C2-DD4E-455CAE111742} = {02EA681E-C7D8-13C7-8484-4AC65E1B71E8}
		{49F93CC4-CF76-9B92-AC0B-9A553D144FA3} = {E03183E6-78E5-4034-AEA4-BF3C4BDBE278}
		{D60E4063-FF03-665C-09BB-44DBB7F9F563} = {E03183E6-78E5-4034-AEA4-BF3C4BDBE278}
	EndGlobalSection
	GlobalSection(ExtensibilityGlobals) = postSolution
		SolutionGuid = {CA90692B-5EA6-4CB5-B392-C00AD3010BF2}
	EndGlobalSection
EndGlobal
